
Microsoft Visual Studio Solution File, Format Version 12.00
# Visual Studio Version 17
VisualStudioVersion = 17.11.35219.272
MinimumVisualStudioVersion = 10.0.40219.1
Project("{9A19103F-16F7-4668-BE54-9A1E7A4F7556}") = "numone1", "ConsoleApp1\numone1.csproj", "{2C0D2DD2-C5F0-4702-8104-37EE21FD5362}"
EndProject
Global
	GlobalSection(SolutionConfigurationPlatforms) = preSolution
		Debug|Any CPU = Debug|Any CPU
		Release|Any CPU = Release|Any CPU
	EndGlobalSection
	GlobalSection(ProjectConfigurationPlatforms) = postSolution
		{2C0D2DD2-C5F0-4702-8104-37EE21FD5362}.Debug|Any CPU.ActiveCfg = Debug|Any CPU
		{2C0D2DD2-C5F0-4702-8104-37EE21FD5362}.Debug|Any CPU.Build.0 = Debug|Any CPU
		{2C0D2DD2-C5F0-4702-8104-37EE21FD5362}.Release|Any CPU.ActiveCfg = Release|Any CPU
		{2C0D2DD2-C5F0-4702-8104-37EE21FD5362}.Release|Any CPU.Build.0 = Release|Any CPU
	EndGlobalSection
	GlobalSection(SolutionProperties) = preSolution
		HideSolutionNode = FALSE
	EndGlobalSection
	GlobalSection(ExtensibilityGlobals) = postSolution
		SolutionGuid = {AF235073-6434-4C0E-B36E-5D2E7AE33258}
	EndGlobalSection
EndGlobal
